
Microsoft Visual Studio Solution File, Format Version 12.00
# Visual Studio Version 17
VisualStudioVersion = 17.4.33213.308
MinimumVisualStudioVersion = 10.0.40219.1
Project("{FAE04EC0-301F-11D3-BF4B-00C04F79EFBC}") = "Kółko i Krzyżyk", "Kółko i Krzyżyk\Kółko i Krzyżyk.csproj", "{95FDD0BC-B64B-4457-9169-228E14AC6343}"
EndProject
Global
	GlobalSection(SolutionConfigurationPlatforms) = preSolution
		Debug|Any CPU = Debug|Any CPU
		Release|Any CPU = Release|Any CPU
	EndGlobalSection
	GlobalSection(ProjectConfigurationPlatforms) = postSolution
		{95FDD0BC-B64B-4457-9169-228E14AC6343}.Debug|Any CPU.ActiveCfg = Debug|Any CPU
		{95FDD0BC-B64B-4457-9169-228E14AC6343}.Debug|Any CPU.Build.0 = Debug|Any CPU
		{95FDD0BC-B64B-4457-9169-228E14AC6343}.Release|Any CPU.ActiveCfg = Release|Any CPU
		{95FDD0BC-B64B-4457-9169-228E14AC6343}.Release|Any CPU.Build.0 = Release|Any CPU
	EndGlobalSection
	GlobalSection(SolutionProperties) = preSolution
		HideSolutionNode = FALSE
	EndGlobalSection
	GlobalSection(ExtensibilityGlobals) = postSolution
		SolutionGuid = {46E7B9E5-DC16-4CC9-8698-6B7C9221FB13}
	EndGlobalSection
EndGlobal
